
Microsoft Visual Studio Solution File, Format Version 12.00
# Visual Studio Version 16
VisualStudioVersion = 16.0.30621.155
MinimumVisualStudioVersion = 10.0.40219.1
Project("{9A19103F-16F7-4668-BE54-9A1E7A4F7556}") = "CursoMVC", "CursoMVC\CursoMVC.csproj", "{3B7B9B19-C9E9-46AE-BDD8-8A858FE2FF44}"
EndProject
Project("{FAE04EC0-301F-11D3-BF4B-00C04F79EFBC}") = "CursoAPI", "CursoAPI\CursoAPI.csproj", "{EFBBB6B0-AA0A-4BFE-B890-DC6FFB43DE4F}"
EndProject
Project("{FAE04EC0-301F-11D3-BF4B-00C04F79EFBC}") = "CursoTest", "CursoTest\CursoTest.csproj", "{5A452CF8-AED8-4DDB-8B19-48F9F0DBEF38}"
EndProject
Global
	GlobalSection(SolutionConfigurationPlatforms) = preSolution
		Debug|Any CPU = Debug|Any CPU
		Release|Any CPU = Release|Any CPU
	EndGlobalSection
	GlobalSection(ProjectConfigurationPlatforms) = postSolution
		{3B7B9B19-C9E9-46AE-BDD8-8A858FE2FF44}.Debug|Any CPU.ActiveCfg = Debug|Any CPU
		{3B7B9B19-C9E9-46AE-BDD8-8A858FE2FF44}.Debug|Any CPU.Build.0 = Debug|Any CPU
		{3B7B9B19-C9E9-46AE-BDD8-8A858FE2FF44}.Release|Any CPU.ActiveCfg = Release|Any CPU
		{3B7B9B19-C9E9-46AE-BDD8-8A858FE2FF44}.Release|Any CPU.Build.0 = Release|Any CPU
		{EFBBB6B0-AA0A-4BFE-B890-DC6FFB43DE4F}.Debug|Any CPU.ActiveCfg = Debug|Any CPU
		{EFBBB6B0-AA0A-4BFE-B890-DC6FFB43DE4F}.Debug|Any CPU.Build.0 = Debug|Any CPU
		{EFBBB6B0-AA0A-4BFE-B890-DC6FFB43DE4F}.Release|Any CPU.ActiveCfg = Release|Any CPU
		{EFBBB6B0-AA0A-4BFE-B890-DC6FFB43DE4F}.Release|Any CPU.Build.0 = Release|Any CPU
		{5A452CF8-AED8-4DDB-8B19-48F9F0DBEF38}.Debug|Any CPU.ActiveCfg = Debug|Any CPU
		{5A452CF8-AED8-4DDB-8B19-48F9F0DBEF38}.Debug|Any CPU.Build.0 = Debug|Any CPU
		{5A452CF8-AED8-4DDB-8B19-48F9F0DBEF38}.Release|Any CPU.ActiveCfg = Release|Any CPU
		{5A452CF8-AED8-4DDB-8B19-48F9F0DBEF38}.Release|Any CPU.Build.0 = Release|Any CPU
	EndGlobalSection
	GlobalSection(SolutionProperties) = preSolution
		HideSolutionNode = FALSE
	EndGlobalSection
	GlobalSection(ExtensibilityGlobals) = postSolution
		SolutionGuid = {0AA9C8CD-741D-482B-B563-7B2BFD5AFF95}
	EndGlobalSection
EndGlobal
